
Microsoft Visual Studio Solution File, Format Version 12.00
# Visual Studio Version 16
VisualStudioVersion = 16.0.30309.148
MinimumVisualStudioVersion = 10.0.40219.1
Project("{FAE04EC0-301F-11D3-BF4B-00C04F79EFBC}") = "Calculator", "Calculator\Calculator.csproj", "{A81C65A4-E7CC-460A-8567-76C0D6FB08E4}"
EndProject
Project("{FAE04EC0-301F-11D3-BF4B-00C04F79EFBC}") = "CalcUnitTest", "CalcUnitTest\CalcUnitTest.csproj", "{45486106-E3C2-439E-8565-DEC49F25FFC2}"
EndProject
Global
	GlobalSection(SolutionConfigurationPlatforms) = preSolution
		Debug|Any CPU = Debug|Any CPU
		Release|Any CPU = Release|Any CPU
	EndGlobalSection
	GlobalSection(ProjectConfigurationPlatforms) = postSolution
		{A81C65A4-E7CC-460A-8567-76C0D6FB08E4}.Debug|Any CPU.ActiveCfg = Debug|Any CPU
		{A81C65A4-E7CC-460A-8567-76C0D6FB08E4}.Debug|Any CPU.Build.0 = Debug|Any CPU
		{A81C65A4-E7CC-460A-8567-76C0D6FB08E4}.Release|Any CPU.ActiveCfg = Release|Any CPU
		{A81C65A4-E7CC-460A-8567-76C0D6FB08E4}.Release|Any CPU.Build.0 = Release|Any CPU
		{45486106-E3C2-439E-8565-DEC49F25FFC2}.Debug|Any CPU.ActiveCfg = Debug|Any CPU
		{45486106-E3C2-439E-8565-DEC49F25FFC2}.Debug|Any CPU.Build.0 = Debug|Any CPU
		{45486106-E3C2-439E-8565-DEC49F25FFC2}.Release|Any CPU.ActiveCfg = Release|Any CPU
		{45486106-E3C2-439E-8565-DEC49F25FFC2}.Release|Any CPU.Build.0 = Release|Any CPU
	EndGlobalSection
	GlobalSection(SolutionProperties) = preSolution
		HideSolutionNode = FALSE
	EndGlobalSection
	GlobalSection(ExtensibilityGlobals) = postSolution
		SolutionGuid = {0F2A3A5C-49F4-4BFF-A042-0360B610971D}
	EndGlobalSection
EndGlobal
